
Microsoft Visual Studio Solution File, Format Version 12.00
# Visual Studio Version 17
VisualStudioVersion = 17.10.34902.84
MinimumVisualStudioVersion = 10.0.40219.1
Project("{FAE04EC0-301F-11D3-BF4B-00C04F79EFBC}") = "DemoNunitTest", "DemoNunitTest\DemoNunitTest.csproj", "{274AEF53-02A2-4121-B328-5EE35D17C6D8}"
EndProject
Project("{FAE04EC0-301F-11D3-BF4B-00C04F79EFBC}") = "DemoTestProject", "DemoTestProject\DemoTestProject.csproj", "{2AB358B3-C592-46ED-8326-7D2AD6DE2415}"
EndProject
Global
	GlobalSection(SolutionConfigurationPlatforms) = preSolution
		Debug|Any CPU = Debug|Any CPU
		Release|Any CPU = Release|Any CPU
	EndGlobalSection
	GlobalSection(ProjectConfigurationPlatforms) = postSolution
		{274AEF53-02A2-4121-B328-5EE35D17C6D8}.Debug|Any CPU.ActiveCfg = Debug|Any CPU
		{274AEF53-02A2-4121-B328-5EE35D17C6D8}.Debug|Any CPU.Build.0 = Debug|Any CPU
		{274AEF53-02A2-4121-B328-5EE35D17C6D8}.Release|Any CPU.ActiveCfg = Release|Any CPU
		{274AEF53-02A2-4121-B328-5EE35D17C6D8}.Release|Any CPU.Build.0 = Release|Any CPU
		{2AB358B3-C592-46ED-8326-7D2AD6DE2415}.Debug|Any CPU.ActiveCfg = Debug|Any CPU
		{2AB358B3-C592-46ED-8326-7D2AD6DE2415}.Debug|Any CPU.Build.0 = Debug|Any CPU
		{2AB358B3-C592-46ED-8326-7D2AD6DE2415}.Release|Any CPU.ActiveCfg = Release|Any CPU
		{2AB358B3-C592-46ED-8326-7D2AD6DE2415}.Release|Any CPU.Build.0 = Release|Any CPU
	EndGlobalSection
	GlobalSection(SolutionProperties) = preSolution
		HideSolutionNode = FALSE
	EndGlobalSection
	GlobalSection(ExtensibilityGlobals) = postSolution
		SolutionGuid = {53B7DEB4-27A5-4E48-90EE-605A21C65054}
	EndGlobalSection
EndGlobal
