
Microsoft Visual Studio Solution File, Format Version 12.00
# Visual Studio Version 17
VisualStudioVersion = 17.10.34902.84
MinimumVisualStudioVersion = 10.0.40219.1
Project("{9A19103F-16F7-4668-BE54-9A1E7A4F7556}") = "SampleNUnitTestCases", "SampleNUnitTestCases\SampleNUnitTestCases.csproj", "{C136E830-B5F9-446C-9F64-26194464D77B}"
EndProject
Project("{FAE04EC0-301F-11D3-BF4B-00C04F79EFBC}") = "EmployeeUnitTest", "EmployeeUnitTest\EmployeeUnitTest.csproj", "{A26060A5-47F2-4104-8584-020D976B132D}"
EndProject
Global
	GlobalSection(SolutionConfigurationPlatforms) = preSolution
		Debug|Any CPU = Debug|Any CPU
		Release|Any CPU = Release|Any CPU
	EndGlobalSection
	GlobalSection(ProjectConfigurationPlatforms) = postSolution
		{C136E830-B5F9-446C-9F64-26194464D77B}.Debug|Any CPU.ActiveCfg = Debug|Any CPU
		{C136E830-B5F9-446C-9F64-26194464D77B}.Debug|Any CPU.Build.0 = Debug|Any CPU
		{C136E830-B5F9-446C-9F64-26194464D77B}.Release|Any CPU.ActiveCfg = Release|Any CPU
		{C136E830-B5F9-446C-9F64-26194464D77B}.Release|Any CPU.Build.0 = Release|Any CPU
		{A26060A5-47F2-4104-8584-020D976B132D}.Debug|Any CPU.ActiveCfg = Debug|Any CPU
		{A26060A5-47F2-4104-8584-020D976B132D}.Debug|Any CPU.Build.0 = Debug|Any CPU
		{A26060A5-47F2-4104-8584-020D976B132D}.Release|Any CPU.ActiveCfg = Release|Any CPU
		{A26060A5-47F2-4104-8584-020D976B132D}.Release|Any CPU.Build.0 = Release|Any CPU
	EndGlobalSection
	GlobalSection(SolutionProperties) = preSolution
		HideSolutionNode = FALSE
	EndGlobalSection
	GlobalSection(ExtensibilityGlobals) = postSolution
		SolutionGuid = {43CF57FD-2A11-486B-B447-669828B7410F}
	EndGlobalSection
EndGlobal
